
Microsoft Visual Studio Solution File, Format Version 12.00
# Visual Studio Version 17
VisualStudioVersion = 17.5.33424.131
MinimumVisualStudioVersion = 10.0.40219.1
Project("{FAE04EC0-301F-11D3-BF4B-00C04F79EFBC}") = "Homepage", "Homepage\Homepage.csproj", "{7CF25766-1839-498F-BA16-2E2FE246B1A8}"
EndProject
Global
	GlobalSection(SolutionConfigurationPlatforms) = preSolution
		Debug|Any CPU = Debug|Any CPU
		Release|Any CPU = Release|Any CPU
	EndGlobalSection
	GlobalSection(ProjectConfigurationPlatforms) = postSolution
		{7CF25766-1839-498F-BA16-2E2FE246B1A8}.Debug|Any CPU.ActiveCfg = Debug|Any CPU
		{7CF25766-1839-498F-BA16-2E2FE246B1A8}.Debug|Any CPU.Build.0 = Debug|Any CPU
		{7CF25766-1839-498F-BA16-2E2FE246B1A8}.Release|Any CPU.ActiveCfg = Release|Any CPU
		{7CF25766-1839-498F-BA16-2E2FE246B1A8}.Release|Any CPU.Build.0 = Release|Any CPU
	EndGlobalSection
	GlobalSection(SolutionProperties) = preSolution
		HideSolutionNode = FALSE
	EndGlobalSection
	GlobalSection(ExtensibilityGlobals) = postSolution
		SolutionGuid = {ADC45F1D-2519-4F8D-811F-63835CCA1E83}
	EndGlobalSection
EndGlobal
